{
  "name": "tamo",
  "version": "0.0.1",
  "lockfileVersion": 1,
  "requires": true,
  "dependencies": {
    "bit-twiddle": {
      "version": "1.0.2",
      "resolved": "https://registry.npmjs.org/bit-twiddle/-/bit-twiddle-1.0.2.tgz",
      "integrity": "sha1-DGwfq+KyPRcXPZpht7cJPrnhdp4="
    },
    "earcut": {
      "version": "2.1.4",
      "resolved": "https://registry.npmjs.org/earcut/-/earcut-2.1.4.tgz",
      "integrity": "sha512-ttRjmPD5oaTtXOoxhFp9aZvMB14kBjapYaiBuzBB1elOgSLU9P2Ev86G2OClBg+uspUXERsIzXKpUWweH2K4Xg=="
    },
    "eventemitter3": {
      "version": "2.0.3",
      "resolved": "https://registry.npmjs.org/eventemitter3/-/eventemitter3-2.0.3.tgz",
      "integrity": "sha1-teEHm1n7XhuidxwKmTvgYKWMmbo="
    },
    "ismobilejs": {
      "version": "0.4.1",
      "resolved": "https://registry.npmjs.org/ismobilejs/-/ismobilejs-0.4.1.tgz",
      "integrity": "sha1-Gl8SbHD+05yT2jgPpiy65XI+fcI="
    },
    "jquery": {
      "version": "3.3.1",
      "resolved": "https://registry.npmjs.org/jquery/-/jquery-3.3.1.tgz",
      "integrity": "sha512-Ubldcmxp5np52/ENotGxlLe6aGMvmF4R8S6tZjsP6Knsaxd/xp3Zrh50cG93lR6nPXyUFwzN3ZSOQI0wRJNdGg=="
    },
    "mini-signals": {
      "version": "1.2.0",
      "resolved": "https://registry.npmjs.org/mini-signals/-/mini-signals-1.2.0.tgz",
      "integrity": "sha1-RbCAE8X65RokqhqTXNMXye1yHXQ="
    },
    "object-assign": {
      "version": "4.1.1",
      "resolved": "https://registry.npmjs.org/object-assign/-/object-assign-4.1.1.tgz",
      "integrity": "sha1-IQmtx5ZYh8/AXLvUQsrIv7s2CGM="
    },
    "parse-uri": {
      "version": "1.0.0",
      "resolved": "https://registry.npmjs.org/parse-uri/-/parse-uri-1.0.0.tgz",
      "integrity": "sha1-KHLcwi8aeXrN4Vg9igrClVLdrCA="
    },
    "pend": {
      "version": "1.2.0",
      "resolved": "https://registry.npmjs.org/pend/-/pend-1.2.0.tgz",
      "integrity": "sha1-elfrVQpng/kRUzH89GY9XI4AelA="
    },
    "pixi-gl-core": {
      "version": "1.1.4",
      "resolved": "https://registry.npmjs.org/pixi-gl-core/-/pixi-gl-core-1.1.4.tgz",
      "integrity": "sha1-i0tcQzsx5Bm8N53FZc4bg1qRs3I="
    },
    "pixi-tiledmap": {
      "version": "1.9.3",
      "resolved": "https://registry.npmjs.org/pixi-tiledmap/-/pixi-tiledmap-1.9.3.tgz",
      "integrity": "sha512-K6PjhvwfaUdDDdFkG53aW1Mf5sd4fwq3AEIW6+cn19t5Fb/c/pb78D3qYEeaXHQs5Rpahz9liVCMk/fc6WaYig==",
      "requires": {
        "tmx-parser": "^1.5.0"
      }
    },
    "pixi.js": {
      "version": "4.8.3",
      "resolved": "https://registry.npmjs.org/pixi.js/-/pixi.js-4.8.3.tgz",
      "integrity": "sha512-FhczbzbxCXURJWUVL+/rWDFlW7IGuSQfCCD7NDWM+WRs4dQCc9VCBrUWVq87MApt2XqEx8mky5O0Na1wal1MDg==",
      "requires": {
        "bit-twiddle": "^1.0.2",
        "earcut": "^2.1.3",
        "eventemitter3": "^2.0.0",
        "ismobilejs": "^0.4.0",
        "object-assign": "^4.0.1",
        "pixi-gl-core": "^1.1.4",
        "remove-array-items": "^1.0.0",
        "resource-loader": "^2.1.1"
      }
    },
    "remove-array-items": {
      "version": "1.1.0",
      "resolved": "https://registry.npmjs.org/remove-array-items/-/remove-array-items-1.1.0.tgz",
      "integrity": "sha512-+YAHWd5patqAM/F4uBsto9h8RXDVxPRrKW46AkbI6eH12OFrN9wlGpkNWYxCjCfwtkidTjaaCXqU634V4mysvw=="
    },
    "resource-loader": {
      "version": "2.2.0",
      "resolved": "https://registry.npmjs.org/resource-loader/-/resource-loader-2.2.0.tgz",
      "integrity": "sha512-DfFhj7jveciV2fGu0gzJiev9i8mpIIjGiASBpPyUbQCPfNp7rnGF9mPMeJxPWnxNF4N9+NBkTIE1823/AnQy8g==",
      "requires": {
        "mini-signals": "^1.1.1",
        "parse-uri": "^1.0.0"
      }
    },
    "sax": {
      "version": "1.1.6",
      "resolved": "http://registry.npmjs.org/sax/-/sax-1.1.6.tgz",
      "integrity": "sha1-XWFr6KXmB9VOEUr65Vt+ry/MMkA="
    },
    "tmx-parser": {
      "version": "1.5.0",
      "resolved": "https://registry.npmjs.org/tmx-parser/-/tmx-parser-1.5.0.tgz",
      "integrity": "sha1-75y0wBVsPJCu6gARdaK5rUHDx3s=",
      "requires": {
        "pend": "~1.2.0",
        "sax": "~1.1.2"
      }
    }
  }
}
