{
  "name": "tamo",
  "version": "0.0.1",
  "lockfileVersion": 1,
  "requires": true,
  "dependencies": {
    "@types/jquery": {
      "version": "3.3.25",
      "resolved": "https://registry.npmjs.org/@types/jquery/-/jquery-3.3.25.tgz",
      "integrity": "sha512-Xxfv7dDRtylyuOpDUODi7bWEmoslhUVZqeA/8R52rysEgMdU6y2CkjiiW0/wyccSBQ0jdZyLoal8M7BFlGNgWg==",
      "requires": {
        "@types/sizzle": "*"
      }
    },
    "@types/pixi.js": {
      "version": "4.8.4",
      "resolved": "https://registry.npmjs.org/@types/pixi.js/-/pixi.js-4.8.4.tgz",
      "integrity": "sha512-vCIuD3n31szosl3VqTCFWHKKYZCS9gVDfCodEzCiR+jHHf/jG7O1z45EXDsSYP5wuY0k4jFgFLiCWFSYaCOYTg=="
    },
    "@types/sizzle": {
      "version": "2.3.2",
      "resolved": "https://registry.npmjs.org/@types/sizzle/-/sizzle-2.3.2.tgz",
      "integrity": "sha512-7EJYyKTL7tFR8+gDbB6Wwz/arpGa0Mywk1TJbNzKzHtzbwVmY4HR9WqS5VV7dsBUKQmPNr192jHr/VpBluj/hg=="
    },
    "bit-twiddle": {
      "version": "1.0.2",
      "resolved": "https://registry.npmjs.org/bit-twiddle/-/bit-twiddle-1.0.2.tgz",
      "integrity": "sha1-DGwfq+KyPRcXPZpht7cJPrnhdp4="
    },
    "bootstrap": {
      "version": "4.3.1",
      "resolved": "https://registry.npmjs.org/bootstrap/-/bootstrap-4.3.1.tgz",
      "integrity": "sha512-rXqOmH1VilAt2DyPzluTi2blhk17bO7ef+zLLPlWvG494pDxcM234pJ8wTc/6R40UWizAIIMgxjvxZg5kmsbag=="
    },
    "earcut": {
      "version": "2.1.4",
      "resolved": "https://registry.npmjs.org/earcut/-/earcut-2.1.4.tgz",
      "integrity": "sha512-ttRjmPD5oaTtXOoxhFp9aZvMB14kBjapYaiBuzBB1elOgSLU9P2Ev86G2OClBg+uspUXERsIzXKpUWweH2K4Xg=="
    },
    "eventemitter3": {
      "version": "2.0.3",
      "resolved": "https://registry.npmjs.org/eventemitter3/-/eventemitter3-2.0.3.tgz",
      "integrity": "sha1-teEHm1n7XhuidxwKmTvgYKWMmbo="
    },
    "ismobilejs": {
      "version": "0.4.1",
      "resolved": "https://registry.npmjs.org/ismobilejs/-/ismobilejs-0.4.1.tgz",
      "integrity": "sha1-Gl8SbHD+05yT2jgPpiy65XI+fcI="
    },
    "jquery": {
      "version": "3.4.0",
      "resolved": "https://registry.npmjs.org/jquery/-/jquery-3.4.0.tgz",
      "integrity": "sha512-ggRCXln9zEqv6OqAGXFEcshF5dSBvCkzj6Gm2gzuR5fWawaX8t7cxKVkkygKODrDAzKdoYw3l/e3pm3vlT4IbQ=="
    },
    "mini-signals": {
      "version": "1.2.0",
      "resolved": "https://registry.npmjs.org/mini-signals/-/mini-signals-1.2.0.tgz",
      "integrity": "sha1-RbCAE8X65RokqhqTXNMXye1yHXQ="
    },
    "object-assign": {
      "version": "4.1.1",
      "resolved": "https://registry.npmjs.org/object-assign/-/object-assign-4.1.1.tgz",
      "integrity": "sha1-IQmtx5ZYh8/AXLvUQsrIv7s2CGM="
    },
    "parse-uri": {
      "version": "1.0.0",
      "resolved": "https://registry.npmjs.org/parse-uri/-/parse-uri-1.0.0.tgz",
      "integrity": "sha1-KHLcwi8aeXrN4Vg9igrClVLdrCA="
    },
    "pixi-gl-core": {
      "version": "1.1.4",
      "resolved": "https://registry.npmjs.org/pixi-gl-core/-/pixi-gl-core-1.1.4.tgz",
      "integrity": "sha1-i0tcQzsx5Bm8N53FZc4bg1qRs3I="
    },
    "pixi-sound": {
      "version": "2.0.4",
      "resolved": "https://registry.npmjs.org/pixi-sound/-/pixi-sound-2.0.4.tgz",
      "integrity": "sha512-mXMHnHGTHVb52CSsh3g2R1NlVGc5u4DkkEOxkXeruPSReY/UJ65n3dtEMPd/e5OIlL7rsELTAbBlk9GEEigdEQ=="
    },
    "pixi.js": {
      "version": "4.8.3",
      "resolved": "https://registry.npmjs.org/pixi.js/-/pixi.js-4.8.3.tgz",
      "integrity": "sha512-FhczbzbxCXURJWUVL+/rWDFlW7IGuSQfCCD7NDWM+WRs4dQCc9VCBrUWVq87MApt2XqEx8mky5O0Na1wal1MDg==",
      "requires": {
        "bit-twiddle": "^1.0.2",
        "earcut": "^2.1.3",
        "eventemitter3": "^2.0.0",
        "ismobilejs": "^0.4.0",
        "object-assign": "^4.0.1",
        "pixi-gl-core": "^1.1.4",
        "remove-array-items": "^1.0.0",
        "resource-loader": "^2.1.1"
      }
    },
    "remove-array-items": {
      "version": "1.1.0",
      "resolved": "https://registry.npmjs.org/remove-array-items/-/remove-array-items-1.1.0.tgz",
      "integrity": "sha512-+YAHWd5patqAM/F4uBsto9h8RXDVxPRrKW46AkbI6eH12OFrN9wlGpkNWYxCjCfwtkidTjaaCXqU634V4mysvw=="
    },
    "resource-loader": {
      "version": "2.2.0",
      "resolved": "https://registry.npmjs.org/resource-loader/-/resource-loader-2.2.0.tgz",
      "integrity": "sha512-DfFhj7jveciV2fGu0gzJiev9i8mpIIjGiASBpPyUbQCPfNp7rnGF9mPMeJxPWnxNF4N9+NBkTIE1823/AnQy8g==",
      "requires": {
        "mini-signals": "^1.1.1",
        "parse-uri": "^1.0.0"
      }
    }
  }
}
